
Microsoft Visual Studio Solution File, Format Version 12.00
# Visual Studio Version 16
VisualStudioVersion = 16.0.29230.47
MinimumVisualStudioVersion = 10.0.40219.1
Project("{8BC9CEB8-8B4A-11D0-8D11-00A0C91BC942}") = "doubly-linked-list", "doubly-linked-list.vcxproj", "{0F669AE5-0738-47A8-ACAC-1DAC3841F210}"
EndProject
Global
	GlobalSection(SolutionConfigurationPlatforms) = preSolution
		Debug|x64 = Debug|x64
		Debug|x86 = Debug|x86
		Release|x64 = Release|x64
		Release|x86 = Release|x86
	EndGlobalSection
	GlobalSection(ProjectConfigurationPlatforms) = postSolution
		{0F669AE5-0738-47A8-ACAC-1DAC3841F210}.Debug|x64.ActiveCfg = Debug|x64
		{0F669AE5-0738-47A8-ACAC-1DAC3841F210}.Debug|x64.Build.0 = Debug|x64
		{0F669AE5-0738-47A8-ACAC-1DAC3841F210}.Debug|x86.ActiveCfg = Debug|Win32
		{0F669AE5-0738-47A8-ACAC-1DAC3841F210}.Debug|x86.Build.0 = Debug|Win32
		{0F669AE5-0738-47A8-ACAC-1DAC3841F210}.Release|x64.ActiveCfg = Release|x64
		{0F669AE5-0738-47A8-ACAC-1DAC3841F210}.Release|x64.Build.0 = Release|x64
		{0F669AE5-0738-47A8-ACAC-1DAC3841F210}.Release|x86.ActiveCfg = Release|Win32
		{0F669AE5-0738-47A8-ACAC-1DAC3841F210}.Release|x86.Build.0 = Release|Win32
	EndGlobalSection
	GlobalSection(SolutionProperties) = preSolution
		HideSolutionNode = FALSE
	EndGlobalSection
	GlobalSection(ExtensibilityGlobals) = postSolution
		SolutionGuid = {25F54174-4E58-4298-A964-A9006A0B2C30}
	EndGlobalSection
EndGlobal
